
Microsoft Visual Studio Solution File, Format Version 12.00
# Visual Studio Version 17
VisualStudioVersion = 17.2.32526.322
MinimumVisualStudioVersion = 10.0.40219.1
Project("{FAE04EC0-301F-11D3-BF4B-00C04F79EFBC}") = "TypeExtensions", "TypeExtensions.csproj", "{2A276D0D-FC4A-47C4-B8E8-BB469BD3D32E}"
EndProject
Project("{2150E333-8FDC-42A3-9474-1A3956D46DE8}") = "publishing", "publishing", "{4C4A4E4F-FC15-4D4E-AAB8-2D8E8D783A42}"
	ProjectSection(SolutionItems) = preProject
		.github\workflows\PublishNupkg.yml = .github\workflows\PublishNupkg.yml
		SetVersion.ps1 = SetVersion.ps1
		.github\workflows\UpdateVersion.yml = .github\workflows\UpdateVersion.yml
	EndProjectSection
EndProject
Global
	GlobalSection(SolutionConfigurationPlatforms) = preSolution
		Debug|Any CPU = Debug|Any CPU
		Release|Any CPU = Release|Any CPU
	EndGlobalSection
	GlobalSection(ProjectConfigurationPlatforms) = postSolution
		{2A276D0D-FC4A-47C4-B8E8-BB469BD3D32E}.Debug|Any CPU.ActiveCfg = Debug|Any CPU
		{2A276D0D-FC4A-47C4-B8E8-BB469BD3D32E}.Debug|Any CPU.Build.0 = Debug|Any CPU
		{2A276D0D-FC4A-47C4-B8E8-BB469BD3D32E}.Release|Any CPU.ActiveCfg = Release|Any CPU
		{2A276D0D-FC4A-47C4-B8E8-BB469BD3D32E}.Release|Any CPU.Build.0 = Release|Any CPU
	EndGlobalSection
	GlobalSection(SolutionProperties) = preSolution
		HideSolutionNode = FALSE
	EndGlobalSection
	GlobalSection(ExtensibilityGlobals) = postSolution
		SolutionGuid = {FE284F15-EF6A-4C56-B40C-59F5F1F61CAB}
	EndGlobalSection
EndGlobal
